// !$*UTF8*$!
{
	archiveVersion = 1;
	classes = {
	};
	objectVersion = 46;
	objects = {

/* Begin PBXBuildFile section */
		333AC01EF33CB161D1D29585 /* app-Bridging_Header.h in Sources */ = {isa = PBXBuildFile; fileRef = 333AC5B86851D6F0F37303FA /* app-Bridging_Header.h */; };
		333AC0DBDA526E0FD6D87A46 /* Helpers.swift in Sources */ = {isa = PBXBuildFile; fileRef = 333AC30AF2E63ABDA552DB07 /* Helpers.swift */; };
		333AC10CBED18C7C09614A25 /* ContentPage.swift in Sources */ = {isa = PBXBuildFile; fileRef = 333AC5279470D6F272EE7120 /* ContentPage.swift */; };
		333AC1384084F458DEC7BE88 /* CatsState.swift in Sources */ = {isa = PBXBuildFile; fileRef = 333AC07D36EEE003CBAC9398 /* CatsState.swift */; };
		333AC29DEF38E1DF64B9E4CC /* Assets.xcassets in Resources */ = {isa = PBXBuildFile; fileRef = 333AC3BE13F1686EC0FF4E5F /* Assets.xcassets */; };
		333AC3159CDE5EB15E69DAD1 /* RegistrationPage.swift in Sources */ = {isa = PBXBuildFile; fileRef = 333AC4ACBC37C6C8342567EC /* RegistrationPage.swift */; };
		333AC31F3D1E92EAB8608B92 /* CallState.swift in Sources */ = {isa = PBXBuildFile; fileRef = 333ACB12CC794C9251F78016 /* CallState.swift */; };
		333AC368C504CE968D551974 /* Main.swift in Sources */ = {isa = PBXBuildFile; fileRef = 333ACD881B4B7D08684EC261 /* Main.swift */; };
		333AC37F7A13B9A4D7A05202 /* LaunchScreen.storyboard in Resources */ = {isa = PBXBuildFile; fileRef = 333AC040A2C616DB2BAAD942 /* LaunchScreen.storyboard */; };
		333AC3BCA6C53019E13BBB5C /* AppSequence.swift in Sources */ = {isa = PBXBuildFile; fileRef = 333AC275DC0225074A345193 /* AppSequence.swift */; };
		333AC517C89D21AC8910DFB8 /* RootViewRouter.swift in Sources */ = {isa = PBXBuildFile; fileRef = 333AC03C61A90B67DE1DA5CF /* RootViewRouter.swift */; };
		333AC537CF5E2192C88C01FB /* Tabbed.swift in Sources */ = {isa = PBXBuildFile; fileRef = 333ACB0A65D237348A60ABEA /* Tabbed.swift */; };
		333AC5F94EB6F76C42AA13EF /* SceneDelegate.swift in Sources */ = {isa = PBXBuildFile; fileRef = 333AC44CB22094529EB24853 /* SceneDelegate.swift */; };
		333AC6918660585E47B42776 /* CallSequence.swift in Sources */ = {isa = PBXBuildFile; fileRef = 333ACA6351CF1BBD0FC2C30D /* CallSequence.swift */; };
		333AC757F8019A851BADD27D /* HelloWorldPage.swift in Sources */ = {isa = PBXBuildFile; fileRef = 333AC3621F2BCA3D28E29D42 /* HelloWorldPage.swift */; };
		333AC888BA75D3AB36FC120F /* CountryPickerPage.swift in Sources */ = {isa = PBXBuildFile; fileRef = 333ACC3FF861C06386B1AAFF /* CountryPickerPage.swift */; };
		333AC8DC63620D75353777CF /* DialPad.swift in Sources */ = {isa = PBXBuildFile; fileRef = 333AC9C76C187C3898C7EA98 /* DialPad.swift */; };
		333AC9C434C5BEDAC9F76530 /* CallLogs.swift in Sources */ = {isa = PBXBuildFile; fileRef = 333AC2718B8C14E6CEBD71E4 /* CallLogs.swift */; };
		333ACABA3F38EC61EDC4A6D0 /* CountryPhoneCodeAndName.swift in Sources */ = {isa = PBXBuildFile; fileRef = 333ACDE016A6730654F814A4 /* CountryPhoneCodeAndName.swift */; };
		333ACB331D34DC50990C8FA5 /* navigation.swift in Sources */ = {isa = PBXBuildFile; fileRef = 333AC3674D015B5398681741 /* navigation.swift */; };
		333ACCF357A93E2121D06BCE /* Helpers.swift in Sources */ = {isa = PBXBuildFile; fileRef = 333AC502017AAC76F6ACB1CE /* Helpers.swift */; };
		333ACDEDBD736CCF5670BBF0 /* CatsSequence.swift in Sources */ = {isa = PBXBuildFile; fileRef = 333ACF03C831E4DBBD7B9B51 /* CatsSequence.swift */; };
		333ACE7C812BA24C1789CAB9 /* WelcomePage.swift in Sources */ = {isa = PBXBuildFile; fileRef = 333ACC495FEA9913CE7B3E37 /* WelcomePage.swift */; };
		333ACEB289F841B6E5AC4D0D /* AppDelegate.swift in Sources */ = {isa = PBXBuildFile; fileRef = 333AC3B444674183CC3B0359 /* AppDelegate.swift */; };
		333ACF8F973A858C6CBB951E /* AppState.swift in Sources */ = {isa = PBXBuildFile; fileRef = 333ACA2737164257A906E104 /* AppState.swift */; };
		E2DAA6C6BA2AB5EA18E62002 /* Pods_app.framework in Frameworks */ = {isa = PBXBuildFile; fileRef = A2529E0332C2B2F9E9E267E0 /* Pods_app.framework */; };
/* End PBXBuildFile section */

/* Begin PBXFileReference section */
		333AC03C61A90B67DE1DA5CF /* RootViewRouter.swift */ = {isa = PBXFileReference; fileEncoding = 4; lastKnownFileType = sourcecode.swift; path = RootViewRouter.swift; sourceTree = "<group>"; };
		333AC07D36EEE003CBAC9398 /* CatsState.swift */ = {isa = PBXFileReference; fileEncoding = 4; lastKnownFileType = sourcecode.swift; name = CatsState.swift; path = main/modules/cats/CatsState.swift; sourceTree = "<group>"; };
		333AC2718B8C14E6CEBD71E4 /* CallLogs.swift */ = {isa = PBXFileReference; fileEncoding = 4; lastKnownFileType = sourcecode.swift; name = CallLogs.swift; path = ui/CallLogs.swift; sourceTree = "<group>"; };
		333AC275DC0225074A345193 /* AppSequence.swift */ = {isa = PBXFileReference; fileEncoding = 4; lastKnownFileType = sourcecode.swift; name = AppSequence.swift; path = main/modules/app/AppSequence.swift; sourceTree = "<group>"; };
		333AC30AF2E63ABDA552DB07 /* Helpers.swift */ = {isa = PBXFileReference; fileEncoding = 4; lastKnownFileType = sourcecode.swift; path = Helpers.swift; sourceTree = "<group>"; };
		333AC3621F2BCA3D28E29D42 /* HelloWorldPage.swift */ = {isa = PBXFileReference; fileEncoding = 4; lastKnownFileType = sourcecode.swift; name = HelloWorldPage.swift; path = ui/HelloWorldPage.swift; sourceTree = "<group>"; };
		333AC3674D015B5398681741 /* navigation.swift */ = {isa = PBXFileReference; fileEncoding = 4; lastKnownFileType = sourcecode.swift; name = navigation.swift; path = main/providers/navigation.swift; sourceTree = "<group>"; };
		333AC3B444674183CC3B0359 /* AppDelegate.swift */ = {isa = PBXFileReference; lastKnownFileType = sourcecode.swift; path = AppDelegate.swift; sourceTree = "<group>"; };
		333AC3BE13F1686EC0FF4E5F /* Assets.xcassets */ = {isa = PBXFileReference; lastKnownFileType = folder.assetcatalog; path = Assets.xcassets; sourceTree = "<group>"; };
		333AC44CB22094529EB24853 /* SceneDelegate.swift */ = {isa = PBXFileReference; lastKnownFileType = sourcecode.swift; path = SceneDelegate.swift; sourceTree = "<group>"; };
		333AC4ACBC37C6C8342567EC /* RegistrationPage.swift */ = {isa = PBXFileReference; fileEncoding = 4; lastKnownFileType = sourcecode.swift; name = RegistrationPage.swift; path = ui/RegistrationPage.swift; sourceTree = "<group>"; };
		333AC502017AAC76F6ACB1CE /* Helpers.swift */ = {isa = PBXFileReference; fileEncoding = 4; lastKnownFileType = sourcecode.swift; path = Helpers.swift; sourceTree = "<group>"; };
		333AC5279470D6F272EE7120 /* ContentPage.swift */ = {isa = PBXFileReference; fileEncoding = 4; lastKnownFileType = sourcecode.swift; name = ContentPage.swift; path = ui/ContentPage.swift; sourceTree = "<group>"; };
		333AC5B86851D6F0F37303FA /* app-Bridging_Header.h */ = {isa = PBXFileReference; fileEncoding = 4; lastKnownFileType = sourcecode.c.h; path = "app-Bridging_Header.h"; sourceTree = "<group>"; };
		333AC9C76C187C3898C7EA98 /* DialPad.swift */ = {isa = PBXFileReference; fileEncoding = 4; lastKnownFileType = sourcecode.swift; name = DialPad.swift; path = ui/DialPad.swift; sourceTree = "<group>"; };
		333ACA2737164257A906E104 /* AppState.swift */ = {isa = PBXFileReference; fileEncoding = 4; lastKnownFileType = sourcecode.swift; name = AppState.swift; path = main/modules/app/AppState.swift; sourceTree = "<group>"; };
		333ACA6351CF1BBD0FC2C30D /* CallSequence.swift */ = {isa = PBXFileReference; fileEncoding = 4; lastKnownFileType = sourcecode.swift; name = CallSequence.swift; path = main/modules/call/CallSequence.swift; sourceTree = "<group>"; };
		333ACB0A65D237348A60ABEA /* Tabbed.swift */ = {isa = PBXFileReference; fileEncoding = 4; lastKnownFileType = sourcecode.swift; name = Tabbed.swift; path = ui/Tabbed.swift; sourceTree = "<group>"; };
		333ACB12CC794C9251F78016 /* CallState.swift */ = {isa = PBXFileReference; fileEncoding = 4; lastKnownFileType = sourcecode.swift; name = CallState.swift; path = main/modules/call/CallState.swift; sourceTree = "<group>"; };
		333ACC3FF861C06386B1AAFF /* CountryPickerPage.swift */ = {isa = PBXFileReference; fileEncoding = 4; lastKnownFileType = sourcecode.swift; name = CountryPickerPage.swift; path = ui/CountryPickerPage.swift; sourceTree = "<group>"; };
		333ACC495FEA9913CE7B3E37 /* WelcomePage.swift */ = {isa = PBXFileReference; fileEncoding = 4; lastKnownFileType = sourcecode.swift; name = WelcomePage.swift; path = ui/WelcomePage.swift; sourceTree = "<group>"; };
		333ACC57EAB3EC2FA20BD975 /* app.app */ = {isa = PBXFileReference; explicitFileType = wrapper.application; includeInIndex = 0; path = app.app; sourceTree = BUILT_PRODUCTS_DIR; };
		333ACC68D0CA1A79382881D1 /* Base */ = {isa = PBXFileReference; lastKnownFileType = file.storyboard; name = Base; path = Base.lproj/LaunchScreen.storyboard; sourceTree = "<group>"; };
		333ACD881B4B7D08684EC261 /* Main.swift */ = {isa = PBXFileReference; fileEncoding = 4; lastKnownFileType = sourcecode.swift; name = Main.swift; path = main/Main.swift; sourceTree = "<group>"; };
		333ACDE016A6730654F814A4 /* CountryPhoneCodeAndName.swift */ = {isa = PBXFileReference; fileEncoding = 4; lastKnownFileType = sourcecode.swift; path = CountryPhoneCodeAndName.swift; sourceTree = "<group>"; };
		333ACF03C831E4DBBD7B9B51 /* CatsSequence.swift */ = {isa = PBXFileReference; fileEncoding = 4; lastKnownFileType = sourcecode.swift; name = CatsSequence.swift; path = main/modules/cats/CatsSequence.swift; sourceTree = "<group>"; };
		333ACF40C7D60F9EED3927FD /* Info.plist */ = {isa = PBXFileReference; lastKnownFileType = text.plist.info; path = Info.plist; sourceTree = "<group>"; };
		71C7D0774C6D33502AFB98EA /* Pods-app.release.xcconfig */ = {isa = PBXFileReference; includeInIndex = 1; lastKnownFileType = text.xcconfig; name = "Pods-app.release.xcconfig"; path = "Target Support Files/Pods-app/Pods-app.release.xcconfig"; sourceTree = "<group>"; };
		A2529E0332C2B2F9E9E267E0 /* Pods_app.framework */ = {isa = PBXFileReference; explicitFileType = wrapper.framework; includeInIndex = 0; path = Pods_app.framework; sourceTree = BUILT_PRODUCTS_DIR; };
		CDAF122DCE01B61D06EBA684 /* Pods-app.debug.xcconfig */ = {isa = PBXFileReference; includeInIndex = 1; lastKnownFileType = text.xcconfig; name = "Pods-app.debug.xcconfig"; path = "Target Support Files/Pods-app/Pods-app.debug.xcconfig"; sourceTree = "<group>"; };
/* End PBXFileReference section */

/* Begin PBXFrameworksBuildPhase section */
		333AC4269C4C60A075C4FCC2 /* Frameworks */ = {
			isa = PBXFrameworksBuildPhase;
			buildActionMask = 2147483647;
			files = (
				E2DAA6C6BA2AB5EA18E62002 /* Pods_app.framework in Frameworks */,
			);
			runOnlyForDeploymentPostprocessing = 0;
		};
/* End PBXFrameworksBuildPhase section */

/* Begin PBXGroup section */
		25D2512E603882C01DE55DB5 /* Frameworks */ = {
			isa = PBXGroup;
			children = (
				A2529E0332C2B2F9E9E267E0 /* Pods_app.framework */,
			);
			name = Frameworks;
			sourceTree = "<group>";
		};
		333AC96C035BEA83781D3723 = {
			isa = PBXGroup;
			children = (
				333ACE9325AEBD633C9EE3D8 /* Products */,
				333ACA9C90FF57EFD2883DC5 /* app */,
				737C93F708DDC86C76D54D19 /* Pods */,
				25D2512E603882C01DE55DB5 /* Frameworks */,
			);
			sourceTree = "<group>";
		};
		333ACA9C90FF57EFD2883DC5 /* app */ = {
			isa = PBXGroup;
			children = (
				333ACF40C7D60F9EED3927FD /* Info.plist */,
				333AC3BE13F1686EC0FF4E5F /* Assets.xcassets */,
				333AC040A2C616DB2BAAD942 /* LaunchScreen.storyboard */,
				333AC3B444674183CC3B0359 /* AppDelegate.swift */,
				333AC44CB22094529EB24853 /* SceneDelegate.swift */,
				333AC3674D015B5398681741 /* navigation.swift */,
				333ACC495FEA9913CE7B3E37 /* WelcomePage.swift */,
				333AC3621F2BCA3D28E29D42 /* HelloWorldPage.swift */,
				333AC03C61A90B67DE1DA5CF /* RootViewRouter.swift */,
				333AC5279470D6F272EE7120 /* ContentPage.swift */,
				333ACA2737164257A906E104 /* AppState.swift */,
				333AC07D36EEE003CBAC9398 /* CatsState.swift */,
				333AC275DC0225074A345193 /* AppSequence.swift */,
				333ACF03C831E4DBBD7B9B51 /* CatsSequence.swift */,
				333ACD881B4B7D08684EC261 /* Main.swift */,
				333AC4ACBC37C6C8342567EC /* RegistrationPage.swift */,
				333ACB0A65D237348A60ABEA /* Tabbed.swift */,
				333AC2718B8C14E6CEBD71E4 /* CallLogs.swift */,
				333ACB12CC794C9251F78016 /* CallState.swift */,
				333ACA6351CF1BBD0FC2C30D /* CallSequence.swift */,
				333AC5B86851D6F0F37303FA /* app-Bridging_Header.h */,
				333AC9C76C187C3898C7EA98 /* DialPad.swift */,
				333ACC3FF861C06386B1AAFF /* CountryPickerPage.swift */,
				333ACDE016A6730654F814A4 /* CountryPhoneCodeAndName.swift */,
				333AC502017AAC76F6ACB1CE /* Helpers.swift */,
				333AC30AF2E63ABDA552DB07 /* Helpers.swift */,
			);
			path = app;
			sourceTree = "<group>";
		};
		333ACE9325AEBD633C9EE3D8 /* Products */ = {
			isa = PBXGroup;
			children = (
				333ACC57EAB3EC2FA20BD975 /* app.app */,
			);
			name = Products;
			sourceTree = "<group>";
		};
		737C93F708DDC86C76D54D19 /* Pods */ = {
			isa = PBXGroup;
			children = (
				CDAF122DCE01B61D06EBA684 /* Pods-app.debug.xcconfig */,
				71C7D0774C6D33502AFB98EA /* Pods-app.release.xcconfig */,
			);
			path = Pods;
			sourceTree = "<group>";
		};
/* End PBXGroup section */

/* Begin PBXNativeTarget section */
		333ACD32D607DB398290F888 /* app */ = {
			isa = PBXNativeTarget;
			buildConfigurationList = 333AC914FEE5FCBDEF82AB27 /* Build configuration list for PBXNativeTarget "app" */;
			buildPhases = (
				7A97BB1F71984BB6C937D8CE /* [CP] Check Pods Manifest.lock */,
				333ACDCBA350E89327E0752B /* Sources */,
				333AC4269C4C60A075C4FCC2 /* Frameworks */,
				333ACAE58738A3482A5FB893 /* Resources */,
			);
			buildRules = (
			);
			dependencies = (
			);
			name = app;
			productName = app;
			productReference = 333ACC57EAB3EC2FA20BD975 /* app.app */;
			productType = "com.apple.product-type.application";
		};
/* End PBXNativeTarget section */

/* Begin PBXProject section */
		333AC9CFB2C0C97E96EA1D87 /* Project object */ = {
			isa = PBXProject;
			attributes = {
				ORGANIZATIONNAME = "Andrew Tan";
				TargetAttributes = {
					333ACD32D607DB398290F888 = {
						DevelopmentTeam = GK2FD9LYA7;
					};
				};
			};
			buildConfigurationList = 333AC10835DD6396A42E1E64 /* Build configuration list for PBXProject "app" */;
			compatibilityVersion = "Xcode 3.2";
			developmentRegion = English;
			hasScannedForEncodings = 0;
			knownRegions = (
				English,
				en,
				Base,
			);
			mainGroup = 333AC96C035BEA83781D3723;
			productRefGroup = 333ACE9325AEBD633C9EE3D8 /* Products */;
			projectDirPath = "";
			projectRoot = "";
			targets = (
				333ACD32D607DB398290F888 /* app */,
			);
		};
/* End PBXProject section */

/* Begin PBXResourcesBuildPhase section */
		333ACAE58738A3482A5FB893 /* Resources */ = {
			isa = PBXResourcesBuildPhase;
			buildActionMask = 2147483647;
			files = (
				333AC29DEF38E1DF64B9E4CC /* Assets.xcassets in Resources */,
				333AC37F7A13B9A4D7A05202 /* LaunchScreen.storyboard in Resources */,
			);
			runOnlyForDeploymentPostprocessing = 0;
		};
/* End PBXResourcesBuildPhase section */

/* Begin PBXShellScriptBuildPhase section */
		7A97BB1F71984BB6C937D8CE /* [CP] Check Pods Manifest.lock */ = {
			isa = PBXShellScriptBuildPhase;
			buildActionMask = 2147483647;
			files = (
			);
			inputFileListPaths = (
			);
			inputPaths = (
				"${PODS_PODFILE_DIR_PATH}/Podfile.lock",
				"${PODS_ROOT}/Manifest.lock",
			);
			name = "[CP] Check Pods Manifest.lock";
			outputFileListPaths = (
			);
			outputPaths = (
				"$(DERIVED_FILE_DIR)/Pods-app-checkManifestLockResult.txt",
			);
			runOnlyForDeploymentPostprocessing = 0;
			shellPath = /bin/sh;
			shellScript = "diff \"${PODS_PODFILE_DIR_PATH}/Podfile.lock\" \"${PODS_ROOT}/Manifest.lock\" > /dev/null\nif [ $? != 0 ] ; then\n    # print error to STDERR\n    echo \"error: The sandbox is not in sync with the Podfile.lock. Run 'pod install' or update your CocoaPods installation.\" >&2\n    exit 1\nfi\n# This output is used by Xcode 'outputs' to avoid re-running this script phase.\necho \"SUCCESS\" > \"${SCRIPT_OUTPUT_FILE_0}\"\n";
			showEnvVarsInLog = 0;
		};
/* End PBXShellScriptBuildPhase section */

/* Begin PBXSourcesBuildPhase section */
		333ACDCBA350E89327E0752B /* Sources */ = {
			isa = PBXSourcesBuildPhase;
			buildActionMask = 2147483647;
			files = (
				333ACEB289F841B6E5AC4D0D /* AppDelegate.swift in Sources */,
				333AC5F94EB6F76C42AA13EF /* SceneDelegate.swift in Sources */,
				333ACB331D34DC50990C8FA5 /* navigation.swift in Sources */,
				333ACE7C812BA24C1789CAB9 /* WelcomePage.swift in Sources */,
				333AC757F8019A851BADD27D /* HelloWorldPage.swift in Sources */,
				333AC517C89D21AC8910DFB8 /* RootViewRouter.swift in Sources */,
				333AC10CBED18C7C09614A25 /* ContentPage.swift in Sources */,
				333ACF8F973A858C6CBB951E /* AppState.swift in Sources */,
				333AC1384084F458DEC7BE88 /* CatsState.swift in Sources */,
				333AC3BCA6C53019E13BBB5C /* AppSequence.swift in Sources */,
				333ACDEDBD736CCF5670BBF0 /* CatsSequence.swift in Sources */,
				333AC368C504CE968D551974 /* Main.swift in Sources */,
				333AC3159CDE5EB15E69DAD1 /* RegistrationPage.swift in Sources */,
				333AC537CF5E2192C88C01FB /* Tabbed.swift in Sources */,
				333AC9C434C5BEDAC9F76530 /* CallLogs.swift in Sources */,
				333AC31F3D1E92EAB8608B92 /* CallState.swift in Sources */,
				333AC6918660585E47B42776 /* CallSequence.swift in Sources */,
				333AC01EF33CB161D1D29585 /* app-Bridging_Header.h in Sources */,
				333AC8DC63620D75353777CF /* DialPad.swift in Sources */,
				333AC888BA75D3AB36FC120F /* CountryPickerPage.swift in Sources */,
				333ACABA3F38EC61EDC4A6D0 /* CountryPhoneCodeAndName.swift in Sources */,
				333ACCF357A93E2121D06BCE /* Helpers.swift in Sources */,
				333AC0DBDA526E0FD6D87A46 /* Helpers.swift in Sources */,
			);
			runOnlyForDeploymentPostprocessing = 0;
		};
/* End PBXSourcesBuildPhase section */

/* Begin PBXVariantGroup section */
		333AC040A2C616DB2BAAD942 /* LaunchScreen.storyboard */ = {
			isa = PBXVariantGroup;
			children = (
				333ACC68D0CA1A79382881D1 /* Base */,
			);
			name = LaunchScreen.storyboard;
			sourceTree = "<group>";
		};
/* End PBXVariantGroup section */

/* Begin XCBuildConfiguration section */
		333AC00FAF1A5582B91E9632 /* Debug */ = {
			isa = XCBuildConfiguration;
			baseConfigurationReference = CDAF122DCE01B61D06EBA684 /* Pods-app.debug.xcconfig */;
			buildSettings = {
				ASSETCATALOG_COMPILER_APPICON_NAME = AppIcon;
				DEVELOPMENT_ASSET_PATHS = "\"app/Preview Content\"";
				DEVELOPMENT_TEAM = GK2FD9LYA7;
				ENABLE_BITCODE = NO;
				ENABLE_PREVIEWS = YES;
				INFOPLIST_FILE = app/Info.plist;
				LD_RUNPATH_SEARCH_PATHS = "$(inherited) @executable_path/Frameworks";
				PRODUCT_BUNDLE_IDENTIFIER = ca.andrewvtan.app;
				PRODUCT_NAME = "$(TARGET_NAME)";
				SWIFT_OBJC_BRIDGING_HEADER = "app/app-Bridging_Header.h";
				SWIFT_VERSION = 5.0;
				TARGETED_DEVICE_FAMILY = "1,2";
			};
			name = Debug;
		};
		333AC5836A9A3DC5AFFC1E0C /* Release */ = {
			isa = XCBuildConfiguration;
			baseConfigurationReference = 71C7D0774C6D33502AFB98EA /* Pods-app.release.xcconfig */;
			buildSettings = {
				ASSETCATALOG_COMPILER_APPICON_NAME = AppIcon;
				DEVELOPMENT_ASSET_PATHS = "\"app/Preview Content\"";
				DEVELOPMENT_TEAM = GK2FD9LYA7;
				ENABLE_BITCODE = NO;
				ENABLE_PREVIEWS = YES;
				INFOPLIST_FILE = app/Info.plist;
				LD_RUNPATH_SEARCH_PATHS = "$(inherited) @executable_path/Frameworks";
				PRODUCT_BUNDLE_IDENTIFIER = ca.andrewvtan.app;
				PRODUCT_NAME = "$(TARGET_NAME)";
				SWIFT_OBJC_BRIDGING_HEADER = "app/app-Bridging_Header.h";
				SWIFT_VERSION = 5.0;
				TARGETED_DEVICE_FAMILY = "1,2";
			};
			name = Release;
		};
		333AC8FD77BA35FC93D73905 /* Release */ = {
			isa = XCBuildConfiguration;
			buildSettings = {
				ALWAYS_SEARCH_USER_PATHS = NO;
				CLANG_ANALYZER_NONNULL = YES;
				CLANG_ANALYZER_NUMBER_OBJECT_CONVERSION = YES_AGGRESSIVE;
				CLANG_CXX_LANGUAGE_STANDARD = "gnu++14";
				CLANG_CXX_LIBRARY = "libc++";
				CLANG_ENABLE_MODULES = YES;
				CLANG_ENABLE_OBJC_ARC = YES;
				CLANG_ENABLE_OBJC_WEAK = YES;
				CLANG_WARN_BLOCK_CAPTURE_AUTORELEASING = YES;
				CLANG_WARN_BOOL_CONVERSION = YES;
				CLANG_WARN_COMMA = YES;
				CLANG_WARN_CONSTANT_CONVERSION = YES;
				CLANG_WARN_DEPRECATED_OBJC_IMPLEMENTATIONS = YES;
				CLANG_WARN_DIRECT_OBJC_ISA_USAGE = YES_ERROR;
				CLANG_WARN_DOCUMENTATION_COMMENTS = YES;
				CLANG_WARN_EMPTY_BODY = YES;
				CLANG_WARN_ENUM_CONVERSION = YES;
				CLANG_WARN_INFINITE_RECURSION = YES;
				CLANG_WARN_INT_CONVERSION = YES;
				CLANG_WARN_NON_LITERAL_NULL_CONVERSION = YES;
				CLANG_WARN_OBJC_IMPLICIT_RETAIN_SELF = YES;
				CLANG_WARN_OBJC_LITERAL_CONVERSION = YES;
				CLANG_WARN_OBJC_ROOT_CLASS = YES_ERROR;
				CLANG_WARN_RANGE_LOOP_ANALYSIS = YES;
				CLANG_WARN_STRICT_PROTOTYPES = YES;
				CLANG_WARN_SUSPICIOUS_MOVE = YES;
				CLANG_WARN_UNGUARDED_AVAILABILITY = YES_AGGRESSIVE;
				CLANG_WARN_UNREACHABLE_CODE = YES;
				CLANG_WARN__DUPLICATE_METHOD_MATCH = YES;
				COPY_PHASE_STRIP = NO;
				DEBUG_INFORMATION_FORMAT = "dwarf-with-dsym";
				ENABLE_NS_ASSERTIONS = NO;
				ENABLE_STRICT_OBJC_MSGSEND = YES;
				GCC_C_LANGUAGE_STANDARD = gnu11;
				GCC_NO_COMMON_BLOCKS = YES;
				GCC_WARN_64_TO_32_BIT_CONVERSION = YES;
				GCC_WARN_ABOUT_RETURN_TYPE = YES_ERROR;
				GCC_WARN_UNDECLARED_SELECTOR = YES;
				GCC_WARN_UNINITIALIZED_AUTOS = YES_AGGRESSIVE;
				GCC_WARN_UNUSED_FUNCTION = YES;
				GCC_WARN_UNUSED_VARIABLE = YES;
				IPHONEOS_DEPLOYMENT_TARGET = 13.4;
				MTL_ENABLE_DEBUG_INFO = NO;
				MTL_FAST_MATH = YES;
				SDKROOT = iphoneos;
				SWIFT_OPTIMIZATION_LEVEL = "-Owholemodule";
				VALIDATE_PRODUCT = YES;
			};
			name = Release;
		};
		333ACB2D9DEABCB627773276 /* Debug */ = {
			isa = XCBuildConfiguration;
			buildSettings = {
				ALWAYS_SEARCH_USER_PATHS = NO;
				CLANG_ANALYZER_NONNULL = YES;
				CLANG_ANALYZER_NUMBER_OBJECT_CONVERSION = YES_AGGRESSIVE;
				CLANG_CXX_LANGUAGE_STANDARD = "gnu++14";
				CLANG_CXX_LIBRARY = "libc++";
				CLANG_ENABLE_MODULES = YES;
				CLANG_ENABLE_OBJC_ARC = YES;
				CLANG_ENABLE_OBJC_WEAK = YES;
				CLANG_WARN_BLOCK_CAPTURE_AUTORELEASING = YES;
				CLANG_WARN_BOOL_CONVERSION = YES;
				CLANG_WARN_COMMA = YES;
				CLANG_WARN_CONSTANT_CONVERSION = YES;
				CLANG_WARN_DEPRECATED_OBJC_IMPLEMENTATIONS = YES;
				CLANG_WARN_DIRECT_OBJC_ISA_USAGE = YES_ERROR;
				CLANG_WARN_DOCUMENTATION_COMMENTS = YES;
				CLANG_WARN_EMPTY_BODY = YES;
				CLANG_WARN_ENUM_CONVERSION = YES;
				CLANG_WARN_INFINITE_RECURSION = YES;
				CLANG_WARN_INT_CONVERSION = YES;
				CLANG_WARN_NON_LITERAL_NULL_CONVERSION = YES;
				CLANG_WARN_OBJC_IMPLICIT_RETAIN_SELF = YES;
				CLANG_WARN_OBJC_LITERAL_CONVERSION = YES;
				CLANG_WARN_OBJC_ROOT_CLASS = YES_ERROR;
				CLANG_WARN_RANGE_LOOP_ANALYSIS = YES;
				CLANG_WARN_STRICT_PROTOTYPES = YES;
				CLANG_WARN_SUSPICIOUS_MOVE = YES;
				CLANG_WARN_UNGUARDED_AVAILABILITY = YES_AGGRESSIVE;
				CLANG_WARN_UNREACHABLE_CODE = YES;
				CLANG_WARN__DUPLICATE_METHOD_MATCH = YES;
				COPY_PHASE_STRIP = NO;
				DEBUG_INFORMATION_FORMAT = dwarf;
				ENABLE_STRICT_OBJC_MSGSEND = YES;
				ENABLE_TESTABILITY = YES;
				GCC_C_LANGUAGE_STANDARD = gnu11;
				GCC_DYNAMIC_NO_PIC = NO;
				GCC_NO_COMMON_BLOCKS = YES;
				GCC_OPTIMIZATION_LEVEL = 0;
				GCC_PREPROCESSOR_DEFINITIONS = (
					"DEBUG=1",
					"$(inherited)",
				);
				GCC_WARN_64_TO_32_BIT_CONVERSION = YES;
				GCC_WARN_ABOUT_RETURN_TYPE = YES_ERROR;
				GCC_WARN_UNDECLARED_SELECTOR = YES;
				GCC_WARN_UNINITIALIZED_AUTOS = YES_AGGRESSIVE;
				GCC_WARN_UNUSED_FUNCTION = YES;
				GCC_WARN_UNUSED_VARIABLE = YES;
				IPHONEOS_DEPLOYMENT_TARGET = 13.4;
				MTL_ENABLE_DEBUG_INFO = INCLUDE_SOURCE;
				MTL_FAST_MATH = YES;
				ONLY_ACTIVE_ARCH = YES;
				SDKROOT = iphoneos;
				SWIFT_ACTIVE_COMPILATION_CONDITIONS = DEBUG;
				SWIFT_OPTIMIZATION_LEVEL = "-Onone";
			};
			name = Debug;
		};
/* End XCBuildConfiguration section */

/* Begin XCConfigurationList section */
		333AC10835DD6396A42E1E64 /* Build configuration list for PBXProject "app" */ = {
			isa = XCConfigurationList;
			buildConfigurations = (
				333ACB2D9DEABCB627773276 /* Debug */,
				333AC8FD77BA35FC93D73905 /* Release */,
			);
			defaultConfigurationIsVisible = 0;
			defaultConfigurationName = Release;
		};
		333AC914FEE5FCBDEF82AB27 /* Build configuration list for PBXNativeTarget "app" */ = {
			isa = XCConfigurationList;
			buildConfigurations = (
				333AC00FAF1A5582B91E9632 /* Debug */,
				333AC5836A9A3DC5AFFC1E0C /* Release */,
			);
			defaultConfigurationIsVisible = 0;
			defaultConfigurationName = Release;
		};
/* End XCConfigurationList section */
	};
	rootObject = 333AC9CFB2C0C97E96EA1D87 /* Project object */;
}
