// !$*UTF8*$!
{
	archiveVersion = 1;
	classes = {
	};
	objectVersion = 46;
	objects = {

/* Begin PBXBuildFile section */
		333AC01EF33CB161D1D29585 /* app-Bridging_Header.h in Sources */ = {isa = PBXBuildFile; fileRef = 333AC5B86851D6F0F37303FA /* app-Bridging_Header.h */; };
		333AC0DBDA526E0FD6D87A46 /* Helpers.swift in Sources */ = {isa = PBXBuildFile; fileRef = 333AC30AF2E63ABDA552DB07 /* Helpers.swift */; };
		333AC4530D6817CAB83D98A1 /* LuaBridge.mm in Sources */ = {isa = PBXBuildFile; fileRef = 333AC2C8CC480BD5B9D9EEAF /* LuaBridge.mm */; };
		333AC517C89D21AC8910DFB8 /* RootViewRouter.swift in Sources */ = {isa = PBXBuildFile; fileRef = 333AC03C61A90B67DE1DA5CF /* RootViewRouter.swift */; };
		333AC5F94EB6F76C42AA13EF /* SceneDelegate.swift in Sources */ = {isa = PBXBuildFile; fileRef = 333AC44CB22094529EB24853 /* SceneDelegate.swift */; };
		333ACCF357A93E2121D06BCE /* Helpers.swift in Sources */ = {isa = PBXBuildFile; fileRef = 333AC502017AAC76F6ACB1CE /* Helpers.swift */; };
		333ACEB289F841B6E5AC4D0D /* AppDelegate.swift in Sources */ = {isa = PBXBuildFile; fileRef = 333AC3B444674183CC3B0359 /* AppDelegate.swift */; };
		E2DAA6C6BA2AB5EA18E62002 /* Pods_app.framework in Frameworks */ = {isa = PBXBuildFile; fileRef = A2529E0332C2B2F9E9E267E0 /* Pods_app.framework */; };
		FA0EE8AD2462A3D80050CE9A /* LuaKit.mm in Sources */ = {isa = PBXBuildFile; fileRef = FA0EE8AC2462A3D80050CE9A /* LuaKit.mm */; };
		FABA932A246FB764004F981A /* lua-main in Resources */ = {isa = PBXBuildFile; fileRef = FABA9324246FB6F5004F981A /* lua-main */; };
		FABA932B246FB7D1004F981A /* bridge.lua in Resources */ = {isa = PBXBuildFile; fileRef = FABA928B246E7F1A004F981A /* bridge.lua */; };
		FABA934B246FBBAE004F981A /* navigation.swift in Sources */ = {isa = PBXBuildFile; fileRef = FABA9335246FBBAE004F981A /* navigation.swift */; };
		FABA934C246FBBAE004F981A /* Main.swift in Sources */ = {isa = PBXBuildFile; fileRef = FABA9336246FBBAE004F981A /* Main.swift */; };
		FABA934D246FBBAE004F981A /* CatsSequence.swift in Sources */ = {isa = PBXBuildFile; fileRef = FABA9339246FBBAE004F981A /* CatsSequence.swift */; };
		FABA934E246FBBAE004F981A /* CatsState.swift in Sources */ = {isa = PBXBuildFile; fileRef = FABA933A246FBBAE004F981A /* CatsState.swift */; };
		FABA934F246FBBAE004F981A /* AppState.swift in Sources */ = {isa = PBXBuildFile; fileRef = FABA933C246FBBAE004F981A /* AppState.swift */; };
		FABA9350246FBBAE004F981A /* AppSequence.swift in Sources */ = {isa = PBXBuildFile; fileRef = FABA933D246FBBAE004F981A /* AppSequence.swift */; };
		FABA9351246FBBAE004F981A /* CallSequence.swift in Sources */ = {isa = PBXBuildFile; fileRef = FABA933F246FBBAE004F981A /* CallSequence.swift */; };
		FABA9352246FBBAE004F981A /* CallState.swift in Sources */ = {isa = PBXBuildFile; fileRef = FABA9340246FBBAE004F981A /* CallState.swift */; };
		FABA9353246FBBAE004F981A /* ContentPage.swift in Sources */ = {isa = PBXBuildFile; fileRef = FABA9342246FBBAE004F981A /* ContentPage.swift */; };
		FABA9354246FBBAE004F981A /* DialPad.swift in Sources */ = {isa = PBXBuildFile; fileRef = FABA9343246FBBAE004F981A /* DialPad.swift */; };
		FABA9355246FBBAE004F981A /* WelcomePage.swift in Sources */ = {isa = PBXBuildFile; fileRef = FABA9344246FBBAE004F981A /* WelcomePage.swift */; };
		FABA9356246FBBAE004F981A /* HelloWorldPage.swift in Sources */ = {isa = PBXBuildFile; fileRef = FABA9345246FBBAE004F981A /* HelloWorldPage.swift */; };
		FABA9357246FBBAE004F981A /* CallLogs.swift in Sources */ = {isa = PBXBuildFile; fileRef = FABA9346246FBBAE004F981A /* CallLogs.swift */; };
		FABA9358246FBBAE004F981A /* Tabbed.swift in Sources */ = {isa = PBXBuildFile; fileRef = FABA9347246FBBAE004F981A /* Tabbed.swift */; };
		FABA9359246FBBAE004F981A /* RegistrationPage.swift in Sources */ = {isa = PBXBuildFile; fileRef = FABA9348246FBBAE004F981A /* RegistrationPage.swift */; };
		FABA935A246FBBAE004F981A /* CountryPickerPage.swift in Sources */ = {isa = PBXBuildFile; fileRef = FABA9349246FBBAE004F981A /* CountryPickerPage.swift */; };
		FABA935B246FBBAE004F981A /* SettingsPage.swift in Sources */ = {isa = PBXBuildFile; fileRef = FABA934A246FBBAE004F981A /* SettingsPage.swift */; };
		FABA935D246FBBD1004F981A /* CountryPhoneCodeAndName.swift in Sources */ = {isa = PBXBuildFile; fileRef = FABA935C246FBBD0004F981A /* CountryPhoneCodeAndName.swift */; };
		FABA935F246FBC1C004F981A /* main.swift in Sources */ = {isa = PBXBuildFile; fileRef = FABA935E246FBC1C004F981A /* main.swift */; };
/* End PBXBuildFile section */

/* Begin PBXFileReference section */
		333AC03C61A90B67DE1DA5CF /* RootViewRouter.swift */ = {isa = PBXFileReference; fileEncoding = 4; lastKnownFileType = sourcecode.swift; path = RootViewRouter.swift; sourceTree = "<group>"; };
		333AC2C8CC480BD5B9D9EEAF /* LuaBridge.mm */ = {isa = PBXFileReference; fileEncoding = 4; lastKnownFileType = sourcecode.cpp.objcpp; path = LuaBridge.mm; sourceTree = "<group>"; };
		333AC30AF2E63ABDA552DB07 /* Helpers.swift */ = {isa = PBXFileReference; fileEncoding = 4; lastKnownFileType = sourcecode.swift; path = Helpers.swift; sourceTree = "<group>"; };
		333AC3B444674183CC3B0359 /* AppDelegate.swift */ = {isa = PBXFileReference; lastKnownFileType = sourcecode.swift; path = AppDelegate.swift; sourceTree = "<group>"; };
		333AC3BE13F1686EC0FF4E5F /* Assets.xcassets */ = {isa = PBXFileReference; lastKnownFileType = folder.assetcatalog; path = Assets.xcassets; sourceTree = "<group>"; };
		333AC44CB22094529EB24853 /* SceneDelegate.swift */ = {isa = PBXFileReference; lastKnownFileType = sourcecode.swift; path = SceneDelegate.swift; sourceTree = "<group>"; };
		333AC4A489BA84623B6146D0 /* LuaBridge.h */ = {isa = PBXFileReference; fileEncoding = 4; lastKnownFileType = sourcecode.c.h; path = LuaBridge.h; sourceTree = "<group>"; };
		333AC502017AAC76F6ACB1CE /* Helpers.swift */ = {isa = PBXFileReference; fileEncoding = 4; lastKnownFileType = sourcecode.swift; path = Helpers.swift; sourceTree = "<group>"; };
		333AC5B86851D6F0F37303FA /* app-Bridging_Header.h */ = {isa = PBXFileReference; fileEncoding = 4; lastKnownFileType = sourcecode.c.h; path = "app-Bridging_Header.h"; sourceTree = "<group>"; };
		333ACC57EAB3EC2FA20BD975 /* app.app */ = {isa = PBXFileReference; explicitFileType = wrapper.application; includeInIndex = 0; path = app.app; sourceTree = BUILT_PRODUCTS_DIR; };
		333ACC68D0CA1A79382881D1 /* Base */ = {isa = PBXFileReference; lastKnownFileType = file.storyboard; name = Base; path = Base.lproj/LaunchScreen.storyboard; sourceTree = "<group>"; };
		333ACF40C7D60F9EED3927FD /* Info.plist */ = {isa = PBXFileReference; lastKnownFileType = text.plist.info; path = Info.plist; sourceTree = "<group>"; };
		71C7D0774C6D33502AFB98EA /* Pods-app.release.xcconfig */ = {isa = PBXFileReference; includeInIndex = 1; lastKnownFileType = text.xcconfig; name = "Pods-app.release.xcconfig"; path = "Target Support Files/Pods-app/Pods-app.release.xcconfig"; sourceTree = "<group>"; };
		A2529E0332C2B2F9E9E267E0 /* Pods_app.framework */ = {isa = PBXFileReference; explicitFileType = wrapper.framework; includeInIndex = 0; path = Pods_app.framework; sourceTree = BUILT_PRODUCTS_DIR; };
		CDAF122DCE01B61D06EBA684 /* Pods-app.debug.xcconfig */ = {isa = PBXFileReference; includeInIndex = 1; lastKnownFileType = text.xcconfig; name = "Pods-app.debug.xcconfig"; path = "Target Support Files/Pods-app/Pods-app.debug.xcconfig"; sourceTree = "<group>"; };
		FA0EE8AC2462A3D80050CE9A /* LuaKit.mm */ = {isa = PBXFileReference; lastKnownFileType = sourcecode.cpp.objcpp; path = LuaKit.mm; sourceTree = "<group>"; };
		FA0EE8AF2462A6DC0050CE9A /* LuaKit.h */ = {isa = PBXFileReference; lastKnownFileType = sourcecode.c.h; path = LuaKit.h; sourceTree = "<group>"; };
		FABA928B246E7F1A004F981A /* bridge.lua */ = {isa = PBXFileReference; fileEncoding = 4; lastKnownFileType = file.lua; path = bridge.lua; sourceTree = "<group>"; };
		FABA9324246FB6F5004F981A /* lua-main */ = {isa = PBXFileReference; lastKnownFileType = folder; path = "lua-main"; sourceTree = "<group>"; };
		FABA9335246FBBAE004F981A /* navigation.swift */ = {isa = PBXFileReference; fileEncoding = 4; lastKnownFileType = sourcecode.swift; path = navigation.swift; sourceTree = "<group>"; };
		FABA9336246FBBAE004F981A /* Main.swift */ = {isa = PBXFileReference; fileEncoding = 4; lastKnownFileType = sourcecode.swift; path = Main.swift; sourceTree = "<group>"; };
		FABA9339246FBBAE004F981A /* CatsSequence.swift */ = {isa = PBXFileReference; fileEncoding = 4; lastKnownFileType = sourcecode.swift; path = CatsSequence.swift; sourceTree = "<group>"; };
		FABA933A246FBBAE004F981A /* CatsState.swift */ = {isa = PBXFileReference; fileEncoding = 4; lastKnownFileType = sourcecode.swift; path = CatsState.swift; sourceTree = "<group>"; };
		FABA933C246FBBAE004F981A /* AppState.swift */ = {isa = PBXFileReference; fileEncoding = 4; lastKnownFileType = sourcecode.swift; path = AppState.swift; sourceTree = "<group>"; };
		FABA933D246FBBAE004F981A /* AppSequence.swift */ = {isa = PBXFileReference; fileEncoding = 4; lastKnownFileType = sourcecode.swift; path = AppSequence.swift; sourceTree = "<group>"; };
		FABA933F246FBBAE004F981A /* CallSequence.swift */ = {isa = PBXFileReference; fileEncoding = 4; lastKnownFileType = sourcecode.swift; path = CallSequence.swift; sourceTree = "<group>"; };
		FABA9340246FBBAE004F981A /* CallState.swift */ = {isa = PBXFileReference; fileEncoding = 4; lastKnownFileType = sourcecode.swift; path = CallState.swift; sourceTree = "<group>"; };
		FABA9342246FBBAE004F981A /* ContentPage.swift */ = {isa = PBXFileReference; fileEncoding = 4; lastKnownFileType = sourcecode.swift; path = ContentPage.swift; sourceTree = "<group>"; };
		FABA9343246FBBAE004F981A /* DialPad.swift */ = {isa = PBXFileReference; fileEncoding = 4; lastKnownFileType = sourcecode.swift; path = DialPad.swift; sourceTree = "<group>"; };
		FABA9344246FBBAE004F981A /* WelcomePage.swift */ = {isa = PBXFileReference; fileEncoding = 4; lastKnownFileType = sourcecode.swift; path = WelcomePage.swift; sourceTree = "<group>"; };
		FABA9345246FBBAE004F981A /* HelloWorldPage.swift */ = {isa = PBXFileReference; fileEncoding = 4; lastKnownFileType = sourcecode.swift; path = HelloWorldPage.swift; sourceTree = "<group>"; };
		FABA9346246FBBAE004F981A /* CallLogs.swift */ = {isa = PBXFileReference; fileEncoding = 4; lastKnownFileType = sourcecode.swift; path = CallLogs.swift; sourceTree = "<group>"; };
		FABA9347246FBBAE004F981A /* Tabbed.swift */ = {isa = PBXFileReference; fileEncoding = 4; lastKnownFileType = sourcecode.swift; path = Tabbed.swift; sourceTree = "<group>"; };
		FABA9348246FBBAE004F981A /* RegistrationPage.swift */ = {isa = PBXFileReference; fileEncoding = 4; lastKnownFileType = sourcecode.swift; path = RegistrationPage.swift; sourceTree = "<group>"; };
		FABA9349246FBBAE004F981A /* CountryPickerPage.swift */ = {isa = PBXFileReference; fileEncoding = 4; lastKnownFileType = sourcecode.swift; path = CountryPickerPage.swift; sourceTree = "<group>"; };
		FABA934A246FBBAE004F981A /* SettingsPage.swift */ = {isa = PBXFileReference; fileEncoding = 4; lastKnownFileType = sourcecode.swift; path = SettingsPage.swift; sourceTree = "<group>"; };
		FABA935C246FBBD0004F981A /* CountryPhoneCodeAndName.swift */ = {isa = PBXFileReference; fileEncoding = 4; lastKnownFileType = sourcecode.swift; path = CountryPhoneCodeAndName.swift; sourceTree = "<group>"; };
		FABA935E246FBC1C004F981A /* main.swift */ = {isa = PBXFileReference; fileEncoding = 4; lastKnownFileType = sourcecode.swift; path = main.swift; sourceTree = "<group>"; };
/* End PBXFileReference section */

/* Begin PBXFrameworksBuildPhase section */
		333AC4269C4C60A075C4FCC2 /* Frameworks */ = {
			isa = PBXFrameworksBuildPhase;
			buildActionMask = 2147483647;
			files = (
				E2DAA6C6BA2AB5EA18E62002 /* Pods_app.framework in Frameworks */,
			);
			runOnlyForDeploymentPostprocessing = 0;
		};
/* End PBXFrameworksBuildPhase section */

/* Begin PBXGroup section */
		25D2512E603882C01DE55DB5 /* Frameworks */ = {
			isa = PBXGroup;
			children = (
				A2529E0332C2B2F9E9E267E0 /* Pods_app.framework */,
			);
			name = Frameworks;
			sourceTree = "<group>";
		};
		333AC96C035BEA83781D3723 = {
			isa = PBXGroup;
			children = (
				333ACE9325AEBD633C9EE3D8 /* Products */,
				333ACA9C90FF57EFD2883DC5 /* app */,
				737C93F708DDC86C76D54D19 /* Pods */,
				25D2512E603882C01DE55DB5 /* Frameworks */,
			);
			sourceTree = "<group>";
		};
		333ACA9C90FF57EFD2883DC5 /* app */ = {
			isa = PBXGroup;
			children = (
				FABA9333246FBBAE004F981A /* main */,
				FABA9341246FBBAE004F981A /* ui */,
				FABA9324246FB6F5004F981A /* lua-main */,
				FABA928B246E7F1A004F981A /* bridge.lua */,
				333ACF40C7D60F9EED3927FD /* Info.plist */,
				333AC3BE13F1686EC0FF4E5F /* Assets.xcassets */,
				333AC040A2C616DB2BAAD942 /* LaunchScreen.storyboard */,
				333AC3B444674183CC3B0359 /* AppDelegate.swift */,
				333AC44CB22094529EB24853 /* SceneDelegate.swift */,
				FABA935C246FBBD0004F981A /* CountryPhoneCodeAndName.swift */,
				333AC03C61A90B67DE1DA5CF /* RootViewRouter.swift */,
				333AC5B86851D6F0F37303FA /* app-Bridging_Header.h */,
				333AC502017AAC76F6ACB1CE /* Helpers.swift */,
				333AC30AF2E63ABDA552DB07 /* Helpers.swift */,
				FABA935E246FBC1C004F981A /* main.swift */,
				FA0EE8AC2462A3D80050CE9A /* LuaKit.mm */,
				FA0EE8AF2462A6DC0050CE9A /* LuaKit.h */,
				333AC2C8CC480BD5B9D9EEAF /* LuaBridge.mm */,
				333AC4A489BA84623B6146D0 /* LuaBridge.h */,
			);
			path = app;
			sourceTree = "<group>";
		};
		333ACE9325AEBD633C9EE3D8 /* Products */ = {
			isa = PBXGroup;
			children = (
				333ACC57EAB3EC2FA20BD975 /* app.app */,
			);
			name = Products;
			sourceTree = "<group>";
		};
		737C93F708DDC86C76D54D19 /* Pods */ = {
			isa = PBXGroup;
			children = (
				CDAF122DCE01B61D06EBA684 /* Pods-app.debug.xcconfig */,
				71C7D0774C6D33502AFB98EA /* Pods-app.release.xcconfig */,
			);
			path = Pods;
			sourceTree = "<group>";
		};
		FABA9333246FBBAE004F981A /* main */ = {
			isa = PBXGroup;
			children = (
				FABA9334246FBBAE004F981A /* providers */,
				FABA9336246FBBAE004F981A /* Main.swift */,
				FABA9337246FBBAE004F981A /* modules */,
			);
			path = main;
			sourceTree = "<group>";
		};
		FABA9334246FBBAE004F981A /* providers */ = {
			isa = PBXGroup;
			children = (
				FABA9335246FBBAE004F981A /* navigation.swift */,
			);
			path = providers;
			sourceTree = "<group>";
		};
		FABA9337246FBBAE004F981A /* modules */ = {
			isa = PBXGroup;
			children = (
				FABA9338246FBBAE004F981A /* cats */,
				FABA933B246FBBAE004F981A /* app */,
				FABA933E246FBBAE004F981A /* call */,
			);
			path = modules;
			sourceTree = "<group>";
		};
		FABA9338246FBBAE004F981A /* cats */ = {
			isa = PBXGroup;
			children = (
				FABA9339246FBBAE004F981A /* CatsSequence.swift */,
				FABA933A246FBBAE004F981A /* CatsState.swift */,
			);
			path = cats;
			sourceTree = "<group>";
		};
		FABA933B246FBBAE004F981A /* app */ = {
			isa = PBXGroup;
			children = (
				FABA933C246FBBAE004F981A /* AppState.swift */,
				FABA933D246FBBAE004F981A /* AppSequence.swift */,
			);
			path = app;
			sourceTree = "<group>";
		};
		FABA933E246FBBAE004F981A /* call */ = {
			isa = PBXGroup;
			children = (
				FABA933F246FBBAE004F981A /* CallSequence.swift */,
				FABA9340246FBBAE004F981A /* CallState.swift */,
			);
			path = call;
			sourceTree = "<group>";
		};
		FABA9341246FBBAE004F981A /* ui */ = {
			isa = PBXGroup;
			children = (
				FABA9342246FBBAE004F981A /* ContentPage.swift */,
				FABA9343246FBBAE004F981A /* DialPad.swift */,
				FABA9344246FBBAE004F981A /* WelcomePage.swift */,
				FABA9345246FBBAE004F981A /* HelloWorldPage.swift */,
				FABA9346246FBBAE004F981A /* CallLogs.swift */,
				FABA9347246FBBAE004F981A /* Tabbed.swift */,
				FABA9348246FBBAE004F981A /* RegistrationPage.swift */,
				FABA9349246FBBAE004F981A /* CountryPickerPage.swift */,
				FABA934A246FBBAE004F981A /* SettingsPage.swift */,
			);
			path = ui;
			sourceTree = "<group>";
		};
/* End PBXGroup section */

/* Begin PBXNativeTarget section */
		333ACD32D607DB398290F888 /* app */ = {
			isa = PBXNativeTarget;
			buildConfigurationList = 333AC914FEE5FCBDEF82AB27 /* Build configuration list for PBXNativeTarget "app" */;
			buildPhases = (
				7A97BB1F71984BB6C937D8CE /* [CP] Check Pods Manifest.lock */,
				333ACDCBA350E89327E0752B /* Sources */,
				333AC4269C4C60A075C4FCC2 /* Frameworks */,
				FABA9329246FB762004F981A /* Resources */,
			);
			buildRules = (
			);
			dependencies = (
			);
			name = app;
			productName = app;
			productReference = 333ACC57EAB3EC2FA20BD975 /* app.app */;
			productType = "com.apple.product-type.application";
		};
/* End PBXNativeTarget section */

/* Begin PBXProject section */
		333AC9CFB2C0C97E96EA1D87 /* Project object */ = {
			isa = PBXProject;
			attributes = {
				ORGANIZATIONNAME = "Andrew Tan";
				TargetAttributes = {
					333ACD32D607DB398290F888 = {
						DevelopmentTeam = GK2FD9LYA7;
					};
				};
			};
			buildConfigurationList = 333AC10835DD6396A42E1E64 /* Build configuration list for PBXProject "app" */;
			compatibilityVersion = "Xcode 3.2";
			developmentRegion = English;
			hasScannedForEncodings = 0;
			knownRegions = (
				English,
				en,
				Base,
			);
			mainGroup = 333AC96C035BEA83781D3723;
			productRefGroup = 333ACE9325AEBD633C9EE3D8 /* Products */;
			projectDirPath = "";
			projectRoot = "";
			targets = (
				333ACD32D607DB398290F888 /* app */,
			);
		};
/* End PBXProject section */

/* Begin PBXResourcesBuildPhase section */
		FABA9329246FB762004F981A /* Resources */ = {
			isa = PBXResourcesBuildPhase;
			buildActionMask = 2147483647;
			files = (
				FABA932A246FB764004F981A /* lua-main in Resources */,
				FABA932B246FB7D1004F981A /* bridge.lua in Resources */,
			);
			runOnlyForDeploymentPostprocessing = 0;
		};
/* End PBXResourcesBuildPhase section */

/* Begin PBXShellScriptBuildPhase section */
		7A97BB1F71984BB6C937D8CE /* [CP] Check Pods Manifest.lock */ = {
			isa = PBXShellScriptBuildPhase;
			buildActionMask = 2147483647;
			files = (
			);
			inputFileListPaths = (
			);
			inputPaths = (
				"${PODS_PODFILE_DIR_PATH}/Podfile.lock",
				"${PODS_ROOT}/Manifest.lock",
			);
			name = "[CP] Check Pods Manifest.lock";
			outputFileListPaths = (
			);
			outputPaths = (
				"$(DERIVED_FILE_DIR)/Pods-app-checkManifestLockResult.txt",
			);
			runOnlyForDeploymentPostprocessing = 0;
			shellPath = /bin/sh;
			shellScript = "diff \"${PODS_PODFILE_DIR_PATH}/Podfile.lock\" \"${PODS_ROOT}/Manifest.lock\" > /dev/null\nif [ $? != 0 ] ; then\n    # print error to STDERR\n    echo \"error: The sandbox is not in sync with the Podfile.lock. Run 'pod install' or update your CocoaPods installation.\" >&2\n    exit 1\nfi\n# This output is used by Xcode 'outputs' to avoid re-running this script phase.\necho \"SUCCESS\" > \"${SCRIPT_OUTPUT_FILE_0}\"\n";
			showEnvVarsInLog = 0;
		};
/* End PBXShellScriptBuildPhase section */

/* Begin PBXSourcesBuildPhase section */
		333ACDCBA350E89327E0752B /* Sources */ = {
			isa = PBXSourcesBuildPhase;
			buildActionMask = 2147483647;
			files = (
				FABA9350246FBBAE004F981A /* AppSequence.swift in Sources */,
				FABA934C246FBBAE004F981A /* Main.swift in Sources */,
				333ACEB289F841B6E5AC4D0D /* AppDelegate.swift in Sources */,
				FABA9358246FBBAE004F981A /* Tabbed.swift in Sources */,
				FABA9355246FBBAE004F981A /* WelcomePage.swift in Sources */,
				FABA9351246FBBAE004F981A /* CallSequence.swift in Sources */,
				FABA9359246FBBAE004F981A /* RegistrationPage.swift in Sources */,
				FABA934E246FBBAE004F981A /* CatsState.swift in Sources */,
				FABA934B246FBBAE004F981A /* navigation.swift in Sources */,
				FABA935B246FBBAE004F981A /* SettingsPage.swift in Sources */,
				333AC5F94EB6F76C42AA13EF /* SceneDelegate.swift in Sources */,
				FABA935F246FBC1C004F981A /* main.swift in Sources */,
				FABA9353246FBBAE004F981A /* ContentPage.swift in Sources */,
				FABA9352246FBBAE004F981A /* CallState.swift in Sources */,
				333AC517C89D21AC8910DFB8 /* RootViewRouter.swift in Sources */,
				333AC01EF33CB161D1D29585 /* app-Bridging_Header.h in Sources */,
				FABA9357246FBBAE004F981A /* CallLogs.swift in Sources */,
				333ACCF357A93E2121D06BCE /* Helpers.swift in Sources */,
				FA0EE8AD2462A3D80050CE9A /* LuaKit.mm in Sources */,
				FABA935A246FBBAE004F981A /* CountryPickerPage.swift in Sources */,
				333AC0DBDA526E0FD6D87A46 /* Helpers.swift in Sources */,
				FABA934F246FBBAE004F981A /* AppState.swift in Sources */,
				FABA9356246FBBAE004F981A /* HelloWorldPage.swift in Sources */,
				FABA9354246FBBAE004F981A /* DialPad.swift in Sources */,
				FABA934D246FBBAE004F981A /* CatsSequence.swift in Sources */,
				333AC4530D6817CAB83D98A1 /* LuaBridge.mm in Sources */,
				FABA935D246FBBD1004F981A /* CountryPhoneCodeAndName.swift in Sources */,
			);
			runOnlyForDeploymentPostprocessing = 0;
		};
/* End PBXSourcesBuildPhase section */

/* Begin PBXVariantGroup section */
		333AC040A2C616DB2BAAD942 /* LaunchScreen.storyboard */ = {
			isa = PBXVariantGroup;
			children = (
				333ACC68D0CA1A79382881D1 /* Base */,
			);
			name = LaunchScreen.storyboard;
			sourceTree = "<group>";
		};
/* End PBXVariantGroup section */

/* Begin XCBuildConfiguration section */
		333AC00FAF1A5582B91E9632 /* Debug */ = {
			isa = XCBuildConfiguration;
			baseConfigurationReference = CDAF122DCE01B61D06EBA684 /* Pods-app.debug.xcconfig */;
			buildSettings = {
				ASSETCATALOG_COMPILER_APPICON_NAME = AppIcon;
				DEVELOPMENT_ASSET_PATHS = "\"app/Preview Content\"";
				DEVELOPMENT_TEAM = GK2FD9LYA7;
				ENABLE_BITCODE = NO;
				ENABLE_PREVIEWS = YES;
				INFOPLIST_FILE = app/Info.plist;
				LD_RUNPATH_SEARCH_PATHS = "$(inherited) @executable_path/Frameworks";
				PRODUCT_BUNDLE_IDENTIFIER = ca.andrewvtan.app;
				PRODUCT_NAME = "$(TARGET_NAME)";
				SWIFT_OBJC_BRIDGING_HEADER = "app/app-Bridging_Header.h";
				SWIFT_VERSION = 5.0;
				TARGETED_DEVICE_FAMILY = "1,2";
				USER_HEADER_SEARCH_PATHS = "\"${PROJECT_DIR}/Pods\"/**";
			};
			name = Debug;
		};
		333AC5836A9A3DC5AFFC1E0C /* Release */ = {
			isa = XCBuildConfiguration;
			baseConfigurationReference = 71C7D0774C6D33502AFB98EA /* Pods-app.release.xcconfig */;
			buildSettings = {
				ASSETCATALOG_COMPILER_APPICON_NAME = AppIcon;
				DEVELOPMENT_ASSET_PATHS = "\"app/Preview Content\"";
				DEVELOPMENT_TEAM = GK2FD9LYA7;
				ENABLE_BITCODE = NO;
				ENABLE_PREVIEWS = YES;
				INFOPLIST_FILE = app/Info.plist;
				LD_RUNPATH_SEARCH_PATHS = "$(inherited) @executable_path/Frameworks";
				PRODUCT_BUNDLE_IDENTIFIER = ca.andrewvtan.app;
				PRODUCT_NAME = "$(TARGET_NAME)";
				SWIFT_OBJC_BRIDGING_HEADER = "app/app-Bridging_Header.h";
				SWIFT_VERSION = 5.0;
				TARGETED_DEVICE_FAMILY = "1,2";
				USER_HEADER_SEARCH_PATHS = "\"${PROJECT_DIR}/Pods\"/**";
			};
			name = Release;
		};
		333AC8FD77BA35FC93D73905 /* Release */ = {
			isa = XCBuildConfiguration;
			buildSettings = {
				ALWAYS_SEARCH_USER_PATHS = NO;
				CLANG_ANALYZER_NONNULL = YES;
				CLANG_ANALYZER_NUMBER_OBJECT_CONVERSION = YES_AGGRESSIVE;
				CLANG_CXX_LANGUAGE_STANDARD = "gnu++14";
				CLANG_CXX_LIBRARY = "libc++";
				CLANG_ENABLE_MODULES = YES;
				CLANG_ENABLE_OBJC_ARC = YES;
				CLANG_ENABLE_OBJC_WEAK = YES;
				CLANG_WARN_BLOCK_CAPTURE_AUTORELEASING = YES;
				CLANG_WARN_BOOL_CONVERSION = YES;
				CLANG_WARN_COMMA = YES;
				CLANG_WARN_CONSTANT_CONVERSION = YES;
				CLANG_WARN_DEPRECATED_OBJC_IMPLEMENTATIONS = YES;
				CLANG_WARN_DIRECT_OBJC_ISA_USAGE = YES_ERROR;
				CLANG_WARN_DOCUMENTATION_COMMENTS = YES;
				CLANG_WARN_EMPTY_BODY = YES;
				CLANG_WARN_ENUM_CONVERSION = YES;
				CLANG_WARN_INFINITE_RECURSION = YES;
				CLANG_WARN_INT_CONVERSION = YES;
				CLANG_WARN_NON_LITERAL_NULL_CONVERSION = YES;
				CLANG_WARN_OBJC_IMPLICIT_RETAIN_SELF = YES;
				CLANG_WARN_OBJC_LITERAL_CONVERSION = YES;
				CLANG_WARN_OBJC_ROOT_CLASS = YES_ERROR;
				CLANG_WARN_RANGE_LOOP_ANALYSIS = YES;
				CLANG_WARN_STRICT_PROTOTYPES = YES;
				CLANG_WARN_SUSPICIOUS_MOVE = YES;
				CLANG_WARN_UNGUARDED_AVAILABILITY = YES_AGGRESSIVE;
				CLANG_WARN_UNREACHABLE_CODE = YES;
				CLANG_WARN__DUPLICATE_METHOD_MATCH = YES;
				COPY_PHASE_STRIP = NO;
				DEBUG_INFORMATION_FORMAT = "dwarf-with-dsym";
				ENABLE_NS_ASSERTIONS = NO;
				ENABLE_STRICT_OBJC_MSGSEND = YES;
				GCC_C_LANGUAGE_STANDARD = gnu11;
				GCC_NO_COMMON_BLOCKS = YES;
				GCC_WARN_64_TO_32_BIT_CONVERSION = YES;
				GCC_WARN_ABOUT_RETURN_TYPE = YES_ERROR;
				GCC_WARN_UNDECLARED_SELECTOR = YES;
				GCC_WARN_UNINITIALIZED_AUTOS = YES_AGGRESSIVE;
				GCC_WARN_UNUSED_FUNCTION = YES;
				GCC_WARN_UNUSED_VARIABLE = YES;
				IPHONEOS_DEPLOYMENT_TARGET = 13.4;
				MTL_ENABLE_DEBUG_INFO = NO;
				MTL_FAST_MATH = YES;
				SDKROOT = iphoneos;
				SWIFT_OPTIMIZATION_LEVEL = "-Owholemodule";
				VALIDATE_PRODUCT = YES;
			};
			name = Release;
		};
		333ACB2D9DEABCB627773276 /* Debug */ = {
			isa = XCBuildConfiguration;
			buildSettings = {
				ALWAYS_SEARCH_USER_PATHS = NO;
				CLANG_ANALYZER_NONNULL = YES;
				CLANG_ANALYZER_NUMBER_OBJECT_CONVERSION = YES_AGGRESSIVE;
				CLANG_CXX_LANGUAGE_STANDARD = "gnu++14";
				CLANG_CXX_LIBRARY = "libc++";
				CLANG_ENABLE_MODULES = YES;
				CLANG_ENABLE_OBJC_ARC = YES;
				CLANG_ENABLE_OBJC_WEAK = YES;
				CLANG_WARN_BLOCK_CAPTURE_AUTORELEASING = YES;
				CLANG_WARN_BOOL_CONVERSION = YES;
				CLANG_WARN_COMMA = YES;
				CLANG_WARN_CONSTANT_CONVERSION = YES;
				CLANG_WARN_DEPRECATED_OBJC_IMPLEMENTATIONS = YES;
				CLANG_WARN_DIRECT_OBJC_ISA_USAGE = YES_ERROR;
				CLANG_WARN_DOCUMENTATION_COMMENTS = YES;
				CLANG_WARN_EMPTY_BODY = YES;
				CLANG_WARN_ENUM_CONVERSION = YES;
				CLANG_WARN_INFINITE_RECURSION = YES;
				CLANG_WARN_INT_CONVERSION = YES;
				CLANG_WARN_NON_LITERAL_NULL_CONVERSION = YES;
				CLANG_WARN_OBJC_IMPLICIT_RETAIN_SELF = YES;
				CLANG_WARN_OBJC_LITERAL_CONVERSION = YES;
				CLANG_WARN_OBJC_ROOT_CLASS = YES_ERROR;
				CLANG_WARN_RANGE_LOOP_ANALYSIS = YES;
				CLANG_WARN_STRICT_PROTOTYPES = YES;
				CLANG_WARN_SUSPICIOUS_MOVE = YES;
				CLANG_WARN_UNGUARDED_AVAILABILITY = YES_AGGRESSIVE;
				CLANG_WARN_UNREACHABLE_CODE = YES;
				CLANG_WARN__DUPLICATE_METHOD_MATCH = YES;
				COPY_PHASE_STRIP = NO;
				DEBUG_INFORMATION_FORMAT = dwarf;
				ENABLE_STRICT_OBJC_MSGSEND = YES;
				ENABLE_TESTABILITY = YES;
				GCC_C_LANGUAGE_STANDARD = gnu11;
				GCC_DYNAMIC_NO_PIC = NO;
				GCC_NO_COMMON_BLOCKS = YES;
				GCC_OPTIMIZATION_LEVEL = 0;
				GCC_PREPROCESSOR_DEFINITIONS = (
					"DEBUG=1",
					"$(inherited)",
				);
				GCC_WARN_64_TO_32_BIT_CONVERSION = YES;
				GCC_WARN_ABOUT_RETURN_TYPE = YES_ERROR;
				GCC_WARN_UNDECLARED_SELECTOR = YES;
				GCC_WARN_UNINITIALIZED_AUTOS = YES_AGGRESSIVE;
				GCC_WARN_UNUSED_FUNCTION = YES;
				GCC_WARN_UNUSED_VARIABLE = YES;
				IPHONEOS_DEPLOYMENT_TARGET = 13.4;
				MTL_ENABLE_DEBUG_INFO = INCLUDE_SOURCE;
				MTL_FAST_MATH = YES;
				ONLY_ACTIVE_ARCH = YES;
				SDKROOT = iphoneos;
				SWIFT_ACTIVE_COMPILATION_CONDITIONS = DEBUG;
				SWIFT_OPTIMIZATION_LEVEL = "-Onone";
			};
			name = Debug;
		};
/* End XCBuildConfiguration section */

/* Begin XCConfigurationList section */
		333AC10835DD6396A42E1E64 /* Build configuration list for PBXProject "app" */ = {
			isa = XCConfigurationList;
			buildConfigurations = (
				333ACB2D9DEABCB627773276 /* Debug */,
				333AC8FD77BA35FC93D73905 /* Release */,
			);
			defaultConfigurationIsVisible = 0;
			defaultConfigurationName = Release;
		};
		333AC914FEE5FCBDEF82AB27 /* Build configuration list for PBXNativeTarget "app" */ = {
			isa = XCConfigurationList;
			buildConfigurations = (
				333AC00FAF1A5582B91E9632 /* Debug */,
				333AC5836A9A3DC5AFFC1E0C /* Release */,
			);
			defaultConfigurationIsVisible = 0;
			defaultConfigurationName = Release;
		};
/* End XCConfigurationList section */
	};
	rootObject = 333AC9CFB2C0C97E96EA1D87 /* Project object */;
}
